
Microsoft Visual Studio Solution File, Format Version 12.00
# Visual Studio Version 17
VisualStudioVersion = 17.0.32014.148
MinimumVisualStudioVersion = 10.0.40219.1
Project("{FAE04EC0-301F-11D3-BF4B-00C04F79EFBC}") = "TELA DE OPções", "TELA DE OPções\TELA DE OPções.csproj", "{129EADEB-381A-48C6-A5FA-A2BEB509D004}"
EndProject
Global
	GlobalSection(SolutionConfigurationPlatforms) = preSolution
		Debug|Any CPU = Debug|Any CPU
		Release|Any CPU = Release|Any CPU
	EndGlobalSection
	GlobalSection(ProjectConfigurationPlatforms) = postSolution
		{129EADEB-381A-48C6-A5FA-A2BEB509D004}.Debug|Any CPU.ActiveCfg = Debug|Any CPU
		{129EADEB-381A-48C6-A5FA-A2BEB509D004}.Debug|Any CPU.Build.0 = Debug|Any CPU
		{129EADEB-381A-48C6-A5FA-A2BEB509D004}.Release|Any CPU.ActiveCfg = Release|Any CPU
		{129EADEB-381A-48C6-A5FA-A2BEB509D004}.Release|Any CPU.Build.0 = Release|Any CPU
	EndGlobalSection
	GlobalSection(SolutionProperties) = preSolution
		HideSolutionNode = FALSE
	EndGlobalSection
	GlobalSection(ExtensibilityGlobals) = postSolution
		SolutionGuid = {F8BE5767-E224-4CE4-B2BC-D7C5D0550614}
	EndGlobalSection
EndGlobal
